{
  "name": "rush-common",
  "version": "0.0.0",
  "lockfileVersion": 1,
  "requires": true,
  "dependencies": {
    "@rush-temp/odin": {
      "version": "file:projects/odin.tgz",
      "integrity": "sha512-juDBHQG/yNl4Z5bzRT9IDb0sxFgBW4snZV49POSE7BshObxMVhKMRmdjjbK32zsTPHhcUQJ+0NbEwzdyn5hQfQ=="
    },
    "@rush-temp/thor": {
      "version": "file:projects/thor.tgz",
      "integrity": "sha512-c4mrY5JIWZGdprstIM45VICEaCE4iJzAw4X+IJ1G1BV5jXBLZM5P6I2GmG+uZLXWRmBa8lMygNFpo5Aqt3zYLQ=="
    }
  }
}
